
Microsoft Visual Studio Solution File, Format Version 12.00
# Visual Studio 15
VisualStudioVersion = 15.0.28307.705
MinimumVisualStudioVersion = 10.0.40219.1
Project("{FAE04EC0-301F-11D3-BF4B-00C04F79EFBC}") = "CodePasswordDLL", "CodePasswordDLL\CodePasswordDLL.csproj", "{000FB91E-F38E-4B40-872E-570241D453BD}"
EndProject
Global
	GlobalSection(SolutionConfigurationPlatforms) = preSolution
		Debug|Any CPU = Debug|Any CPU
		Release|Any CPU = Release|Any CPU
	EndGlobalSection
	GlobalSection(ProjectConfigurationPlatforms) = postSolution
		{000FB91E-F38E-4B40-872E-570241D453BD}.Debug|Any CPU.ActiveCfg = Debug|Any CPU
		{000FB91E-F38E-4B40-872E-570241D453BD}.Debug|Any CPU.Build.0 = Debug|Any CPU
		{000FB91E-F38E-4B40-872E-570241D453BD}.Release|Any CPU.ActiveCfg = Release|Any CPU
		{000FB91E-F38E-4B40-872E-570241D453BD}.Release|Any CPU.Build.0 = Release|Any CPU
	EndGlobalSection
	GlobalSection(SolutionProperties) = preSolution
		HideSolutionNode = FALSE
	EndGlobalSection
	GlobalSection(ExtensibilityGlobals) = postSolution
		SolutionGuid = {3561D83C-E64F-48D6-93A2-63321A15A6D2}
	EndGlobalSection
EndGlobal
